
Microsoft Visual Studio Solution File, Format Version 12.00
# Visual Studio Version 17
VisualStudioVersion = 17.3.32901.215
MinimumVisualStudioVersion = 10.0.40219.1
Project("{9A19103F-16F7-4668-BE54-9A1E7A4F7556}") = "DevLynx.NetworkManager.NET", "DevLynx.NetworkManager.NET.csproj", "{681CF48F-0603-4F96-B361-AD3A0805E854}"
EndProject
Project("{2150E333-8FDC-42A3-9474-1A3956D46DE8}") = "Solution Items", "Solution Items", "{E7843CC8-4B67-47E0-86E8-9F7A131D72C1}"
	ProjectSection(SolutionItems) = preProject
		.editorconfig = .editorconfig
	EndProjectSection
EndProject
Project("{2150E333-8FDC-42A3-9474-1A3956D46DE8}") = "Samples", "Samples", "{DD299B21-B658-4A12-9A03-ECD89BBDB6FA}"
EndProject
Project("{FAE04EC0-301F-11D3-BF4B-00C04F79EFBC}") = "NetworkManager.NET.Samples", "..\NetworkManager.NET.Samples\NetworkManager.NET.Samples.csproj", "{8CDCC773-9762-483C-BA64-F047E61900DA}"
EndProject
Global
	GlobalSection(SolutionConfigurationPlatforms) = preSolution
		Debug|Any CPU = Debug|Any CPU
		Release|Any CPU = Release|Any CPU
	EndGlobalSection
	GlobalSection(ProjectConfigurationPlatforms) = postSolution
		{681CF48F-0603-4F96-B361-AD3A0805E854}.Debug|Any CPU.ActiveCfg = Debug|Any CPU
		{681CF48F-0603-4F96-B361-AD3A0805E854}.Debug|Any CPU.Build.0 = Debug|Any CPU
		{681CF48F-0603-4F96-B361-AD3A0805E854}.Release|Any CPU.ActiveCfg = Release|Any CPU
		{681CF48F-0603-4F96-B361-AD3A0805E854}.Release|Any CPU.Build.0 = Release|Any CPU
		{8CDCC773-9762-483C-BA64-F047E61900DA}.Debug|Any CPU.ActiveCfg = Debug|Any CPU
		{8CDCC773-9762-483C-BA64-F047E61900DA}.Debug|Any CPU.Build.0 = Debug|Any CPU
		{8CDCC773-9762-483C-BA64-F047E61900DA}.Release|Any CPU.ActiveCfg = Release|Any CPU
		{8CDCC773-9762-483C-BA64-F047E61900DA}.Release|Any CPU.Build.0 = Release|Any CPU
	EndGlobalSection
	GlobalSection(SolutionProperties) = preSolution
		HideSolutionNode = FALSE
	EndGlobalSection
	GlobalSection(NestedProjects) = preSolution
		{8CDCC773-9762-483C-BA64-F047E61900DA} = {DD299B21-B658-4A12-9A03-ECD89BBDB6FA}
	EndGlobalSection
	GlobalSection(ExtensibilityGlobals) = postSolution
		SolutionGuid = {BBE4B9B7-D337-491B-B5CA-A77CC1337F28}
	EndGlobalSection
EndGlobal
